{
  "pins" : [
    {
      "identity" : "datalayer",
      "kind" : "remoteSourceControl",
      "location" : "https://github.com/wbbernardes/datalayer.git",
      "state" : {
        "branch" : "main",
        "revision" : "afbc323ea6b7887f2e4681738ac450a58c682db9"
      }
    },
    {
      "identity" : "domain",
      "kind" : "remoteSourceControl",
      "location" : "https://github.com/wbbernardes/domain.git",
      "state" : {
        "branch" : "main",
        "revision" : "090900e969e99b66a82a6f59100204c3c97f599d"
      }
    }
  ],
  "version" : 2
}
